
Microsoft Visual Studio Solution File, Format Version 12.00
# Visual Studio Version 16
VisualStudioVersion = 16.0.29911.84
MinimumVisualStudioVersion = 10.0.40219.1
Project("{FAE04EC0-301F-11D3-BF4B-00C04F79EFBC}") = "WebAPI-BPM", "WebAPI-BPM\WebAPI-BPM.csproj", "{D7CBFB14-3D64-42D8-8169-972E3EB83B1B}"
EndProject
Global
	GlobalSection(SolutionConfigurationPlatforms) = preSolution
		Debug|Any CPU = Debug|Any CPU
		Release|Any CPU = Release|Any CPU
	EndGlobalSection
	GlobalSection(ProjectConfigurationPlatforms) = postSolution
		{D7CBFB14-3D64-42D8-8169-972E3EB83B1B}.Debug|Any CPU.ActiveCfg = Debug|Any CPU
		{D7CBFB14-3D64-42D8-8169-972E3EB83B1B}.Debug|Any CPU.Build.0 = Debug|Any CPU
		{D7CBFB14-3D64-42D8-8169-972E3EB83B1B}.Release|Any CPU.ActiveCfg = Release|Any CPU
		{D7CBFB14-3D64-42D8-8169-972E3EB83B1B}.Release|Any CPU.Build.0 = Release|Any CPU
	EndGlobalSection
	GlobalSection(SolutionProperties) = preSolution
		HideSolutionNode = FALSE
	EndGlobalSection
	GlobalSection(ExtensibilityGlobals) = postSolution
		SolutionGuid = {45E96302-C1CF-4C7A-A7ED-28C641A0FBF6}
	EndGlobalSection
EndGlobal
